# THIS IS AN AUTOGENERATED FILE. DO NOT EDIT THIS FILE DIRECTLY.
# yarn lockfile v1


"@cspotcode/source-map-support@^0.8.0":
  version "0.8.1"
  resolved "https://registry.yarnpkg.com/@cspotcode/source-map-support/-/source-map-support-0.8.1.tgz#00629c35a688e05a88b1cda684fb9d5e73f000a1"
  integrity sha512-IchNf6dN4tHoMFIn/7OE8LWZ19Y6q/67Bmf6vnGREv8RSbBVb9LPJxEcnwrcwX6ixSvaiGoomAUvu4YSxXrVgw==
  dependencies:
    "@jridgewell/trace-mapping" "0.3.9"

"@jridgewell/resolve-uri@^3.0.3":
  version "3.1.0"
  resolved "https://registry.yarnpkg.com/@jridgewell/resolve-uri/-/resolve-uri-3.1.0.tgz#2203b118c157721addfe69d47b70465463066d78"
  integrity sha512-F2msla3tad+Mfht5cJq7LSXcdudKTWCVYUgw6pLFOOHSTtZlj6SWNYAp+AhuqLmWdBO2X5hPrLcu8cVP8fy28w==

"@jridgewell/sourcemap-codec@^1.4.10":
  version "1.4.14"
  resolved "https://registry.yarnpkg.com/@jridgewell/sourcemap-codec/-/sourcemap-codec-1.4.14.tgz#add4c98d341472a289190b424efbdb096991bb24"
  integrity sha512-XPSJHWmi394fuUuzDnGz1wiKqWfo1yXecHQMRf2l6hztTO+nPru658AyDngaBe7isIxEkRsPR3FZh+s7iVa4Uw==

"@jridgewell/trace-mapping@0.3.9":
  version "0.3.9"
  resolved "https://registry.yarnpkg.com/@jridgewell/trace-mapping/-/trace-mapping-0.3.9.tgz#6534fd5933a53ba7cbf3a17615e273a0d1273ff9"
  integrity sha512-3Belt6tdc8bPgAtbcmdtNJlirVoTmEb5e2gC94PnkwEW9jI6CAHUeoG85tjWP5WquqfavoMtMwiG4P926ZKKuQ==
  dependencies:
    "@jridgewell/resolve-uri" "^3.0.3"
    "@jridgewell/sourcemap-codec" "^1.4.10"

"@swc/core-android-arm-eabi@1.2.224":
  version "1.2.224"
  resolved "https://registry.yarnpkg.com/@swc/core-android-arm-eabi/-/core-android-arm-eabi-1.2.224.tgz#ee31c1855f2ac6583258d3b20da884868128a295"
  integrity sha512-viVOYrhSqNxdDOCNu2UUfiAK0qjkmk/fB9mObdSb+48JlHv4kYBnSLjaIhj0NlXCsxgetH7QFbjrKXRJ+gpHqw==
  dependencies:
    "@swc/wasm" "1.2.122"

"@swc/core-android-arm64@1.2.224":
  version "1.2.224"
  resolved "https://registry.yarnpkg.com/@swc/core-android-arm64/-/core-android-arm64-1.2.224.tgz#bbbab34ed297ee34e1f0b4780d5b04eb528581bf"
  integrity sha512-HCfdnVyslhMX25BDOqE7rOcl3a6QHs34O3xLLY2J/wg2ICtbxehpbpBPrp+VBG3Ngv7VGD9OPhmFgGxElFtZLQ==
  dependencies:
    "@swc/wasm" "1.2.130"

"@swc/core-darwin-arm64@1.2.224":
  version "1.2.224"
  resolved "https://registry.yarnpkg.com/@swc/core-darwin-arm64/-/core-darwin-arm64-1.2.224.tgz#71175f1574e7fb9a8a33b2795c334adc9bb1ac1d"
  integrity sha512-jzv8Eop0GDe4owRDWr02n/xT7Bm6eTFWoM3nFXOM865gNYfASGGm3HHm4z20yndIxq5xuKHcOOH9QXQQhe/lQA==

"@swc/core-darwin-x64@1.2.224":
  version "1.2.224"
  resolved "https://registry.yarnpkg.com/@swc/core-darwin-x64/-/core-darwin-x64-1.2.224.tgz#ca93a1903cc0455fe0be24ac6f87ba0b7b6c66b7"
  integrity sha512-hpdJt/BJ45+hcgs461nJxgMJVNN/2uJL8TLvFxeOJiDpF4r1elRxYfDC1W8ctMWB3eB3Wepz3Ku2z8l9UgPnyQ==

"@swc/core-freebsd-x64@1.2.224":
  version "1.2.224"
  resolved "https://registry.yarnpkg.com/@swc/core-freebsd-x64/-/core-freebsd-x64-1.2.224.tgz#24cfd1b17e0378cedb8e0ee87182e060d4efce6a"
  integrity sha512-bVIXwwjYA1ZdMKTwrAosxG808nQqvHhzs/fOKUrl1VeZ9CTHA0FzpSXwaBf1shbUVKvQVPKydY0K5q9dkSUkpw==
  dependencies:
    "@swc/wasm" "1.2.130"

"@swc/core-linux-arm-gnueabihf@1.2.224":
  version "1.2.224"
  resolved "https://registry.yarnpkg.com/@swc/core-linux-arm-gnueabihf/-/core-linux-arm-gnueabihf-1.2.224.tgz#e3941f308384793f5be582c751ac7e42badb3665"
  integrity sha512-MY3UQI3IOjME5TpuIhwI0lqKHsU3x7BwlU4n/mLNe2lH3DLaP0rrGHCMI2iJqfiYKU1Rg1r01HXmysuiriF1TA==
  dependencies:
    "@swc/wasm" "1.2.130"

"@swc/core-linux-arm64-gnu@1.2.224":
  version "1.2.224"
  resolved "https://registry.yarnpkg.com/@swc/core-linux-arm64-gnu/-/core-linux-arm64-gnu-1.2.224.tgz#9f3f9c68997d2dec198a53b1cdc70950511e207a"
  integrity sha512-tEpaGq4wp79tR+4s0h8xbzcxW6tZOfb2/Jf1vrmRYfRBqryBRTdtn14Rfy4qlK3s/SC3NfI2MKxZRgcGnMCeWw==

"@swc/core-linux-arm64-musl@1.2.224":
  version "1.2.224"
  resolved "https://registry.yarnpkg.com/@swc/core-linux-arm64-musl/-/core-linux-arm64-musl-1.2.224.tgz#5215a83fa97f5b1879f49a1da4c7a7b1c68f445d"
  integrity sha512-jnrYqXc7aRzBnEqEp3nAi9tjuUhBnN0pSKiHJytlBP1QkXnH7HD44Da9udmKUFYB5hHpwaXE0NIh7jK0nSMnhw==

"@swc/core-linux-x64-gnu@1.2.224":
  version "1.2.224"
  resolved "https://registry.yarnpkg.com/@swc/core-linux-x64-gnu/-/core-linux-x64-gnu-1.2.224.tgz#09e0fd990e3a884a6a8dab3491264e8ce9087aae"
  integrity sha512-UBkeDlG+PrIXDH1sR4EIXN5qK4a677IHb6RBghbvBDJS61X9/nTDxtCF7/zCqDxJRahhUrT6lDsYpuLCws2hiw==

"@swc/core-linux-x64-musl@1.2.224":
  version "1.2.224"
  resolved "https://registry.yarnpkg.com/@swc/core-linux-x64-musl/-/core-linux-x64-musl-1.2.224.tgz#f214bf93d4fd1be0d8a5185b766074b5aee88536"
  integrity sha512-CQMGDzxKvkzf6TOdaWnmhb6uk1XEhM/mM3BDfX+hx9j3Hg3bFw9qmPvrkoWI2G8J50MvpoR1iPBYyG2LNeQWeg==

"@swc/core-win32-arm64-msvc@1.2.224":
  version "1.2.224"
  resolved "https://registry.yarnpkg.com/@swc/core-win32-arm64-msvc/-/core-win32-arm64-msvc-1.2.224.tgz#8b771ecd0af29209f374df5b95c0bac8e5ff0a3a"
  integrity sha512-03V4apubsOhLKQNmfWGlgvDCJkhlh0ZOHcGddxb7bD4PeP6U0lnABG3hlz2uicwcIGBPu/p7jtm5/hezeiXE6Q==
  dependencies:
    "@swc/wasm" "1.2.130"

"@swc/core-win32-ia32-msvc@1.2.224":
  version "1.2.224"
  resolved "https://registry.yarnpkg.com/@swc/core-win32-ia32-msvc/-/core-win32-ia32-msvc-1.2.224.tgz#07a0dc112a4b7fdc5ab5b4bcd7aac85de3a4c2aa"
  integrity sha512-gPOmIdhCwkb5BbDiPs/4t1LIElFLoQwiv45XwK5wADh1qzLD3A8EtpnpXfLsjL/fUMlLIGCgHQ6BQ0x04VrI1Q==
  dependencies:
    "@swc/wasm" "1.2.130"

"@swc/core-win32-x64-msvc@1.2.224":
  version "1.2.224"
  resolved "https://registry.yarnpkg.com/@swc/core-win32-x64-msvc/-/core-win32-x64-msvc-1.2.224.tgz#eea8f04097dcf88f3a7c7eaa7aed049f38501f43"
  integrity sha512-xALNoKi/UAQ2NflIkCBaZ4Nib75a4YwFp2pZ5Yen3vR8hxK2UJYlaNwyfsBwWfMOMsNxQ1Q1aaqoo0L+XON53Q==

"@swc/core@^1.2.224":
  version "1.2.224"
  resolved "https://registry.yarnpkg.com/@swc/core/-/core-1.2.224.tgz#615d9a862daab7e9e41031f4292619b43eaf64a2"
  integrity sha512-K0B0QKT0eSpPlL4amWJzllYJigQdE7+ha6VQVks6g/oiko1yMYP8lGcCKOKb+KuvW1ltPzlyFqi7h7ryEVG2vQ==
  optionalDependencies:
    "@swc/core-android-arm-eabi" "1.2.224"
    "@swc/core-android-arm64" "1.2.224"
    "@swc/core-darwin-arm64" "1.2.224"
    "@swc/core-darwin-x64" "1.2.224"
    "@swc/core-freebsd-x64" "1.2.224"
    "@swc/core-linux-arm-gnueabihf" "1.2.224"
    "@swc/core-linux-arm64-gnu" "1.2.224"
    "@swc/core-linux-arm64-musl" "1.2.224"
    "@swc/core-linux-x64-gnu" "1.2.224"
    "@swc/core-linux-x64-musl" "1.2.224"
    "@swc/core-win32-arm64-msvc" "1.2.224"
    "@swc/core-win32-ia32-msvc" "1.2.224"
    "@swc/core-win32-x64-msvc" "1.2.224"

"@swc/wasm@1.2.122":
  version "1.2.122"
  resolved "https://registry.yarnpkg.com/@swc/wasm/-/wasm-1.2.122.tgz#87a5e654b26a71b2e84b801f41e45f823b856639"
  integrity sha512-sM1VCWQxmNhFtdxME+8UXNyPNhxNu7zdb6ikWpz0YKAQQFRGT5ThZgJrubEpah335SUToNg8pkdDF7ibVCjxbQ==

"@swc/wasm@1.2.130":
  version "1.2.130"
  resolved "https://registry.yarnpkg.com/@swc/wasm/-/wasm-1.2.130.tgz#88ac26433335d1f957162a9a92f1450b73c176a0"
  integrity sha512-rNcJsBxS70+pv8YUWwf5fRlWX6JoY/HJc25HD/F8m6Kv7XhJdqPPMhyX6TKkUBPAG7TWlZYoxa+rHAjPy4Cj3Q==

"@tsconfig/node10@^1.0.7":
  version "1.0.9"
  resolved "https://registry.yarnpkg.com/@tsconfig/node10/-/node10-1.0.9.tgz#df4907fc07a886922637b15e02d4cebc4c0021b2"
  integrity sha512-jNsYVVxU8v5g43Erja32laIDHXeoNvFEpX33OK4d6hljo3jDhCBDhx5dhCCTMWUojscpAagGiRkBKxpdl9fxqA==

"@tsconfig/node12@^1.0.7":
  version "1.0.11"
  resolved "https://registry.yarnpkg.com/@tsconfig/node12/-/node12-1.0.11.tgz#ee3def1f27d9ed66dac6e46a295cffb0152e058d"
  integrity sha512-cqefuRsh12pWyGsIoBKJA9luFu3mRxCA+ORZvA4ktLSzIuCUtWVxGIuXigEwO5/ywWFMZ2QEGKWvkZG1zDMTag==

"@tsconfig/node14@^1.0.0":
  version "1.0.3"
  resolved "https://registry.yarnpkg.com/@tsconfig/node14/-/node14-1.0.3.tgz#e4386316284f00b98435bf40f72f75a09dabf6c1"
  integrity sha512-ysT8mhdixWK6Hw3i1V2AeRqZ5WfXg1G43mqoYlM2nc6388Fq5jcXyr5mRsqViLx/GJYdoL0bfXD8nmF+Zn/Iow==

"@tsconfig/node16@^1.0.2":
  version "1.0.3"
  resolved "https://registry.yarnpkg.com/@tsconfig/node16/-/node16-1.0.3.tgz#472eaab5f15c1ffdd7f8628bd4c4f753995ec79e"
  integrity sha512-yOlFc+7UtL/89t2ZhjPvvB/DeAr3r+Dq58IgzsFkOAvVC6NMJXmCGjbptdXdR9qsX7pKcTL+s87FtYREi2dEEQ==

"@types/node@^18.6.4":
  version "18.6.4"
  resolved "https://registry.yarnpkg.com/@types/node/-/node-18.6.4.tgz#fd26723a8a3f8f46729812a7f9b4fc2d1608ed39"
  integrity sha512-I4BD3L+6AWiUobfxZ49DlU43gtI+FTHSv9pE2Zekg6KjMpre4ByusaljW3vYSLJrvQ1ck1hUaeVu8HVlY3vzHg==

acorn-walk@^8.1.1:
  version "8.2.0"
  resolved "https://registry.yarnpkg.com/acorn-walk/-/acorn-walk-8.2.0.tgz#741210f2e2426454508853a2f44d0ab83b7f69c1"
  integrity sha512-k+iyHEuPgSw6SbuDpGQM+06HQUa04DZ3o+F6CSzXMvvI5KMvnaEqXe+YVe555R9nn6GPt404fos4wcgpw12SDA==

acorn@^8.4.1:
  version "8.8.0"
  resolved "https://registry.yarnpkg.com/acorn/-/acorn-8.8.0.tgz#88c0187620435c7f6015803f5539dae05a9dbea8"
  integrity sha512-QOxyigPVrpZ2GXT+PFyZTl6TtOFc5egxHIP9IlQ+RbupQuX4RkT/Bee4/kQuC02Xkzg84JcT7oLYtDIQxp+v7w==

arg@^4.1.0:
  version "4.1.3"
  resolved "https://registry.yarnpkg.com/arg/-/arg-4.1.3.tgz#269fc7ad5b8e42cb63c896d5666017261c144089"
  integrity sha512-58S9QDqG0Xx27YwPSt9fJxivjYl432YCwfDMfZ+71RAqUrZef7LrKQZ3LHLOwCS4FLNBplP533Zx895SeOCHvA==

create-require@^1.1.0:
  version "1.1.1"
  resolved "https://registry.yarnpkg.com/create-require/-/create-require-1.1.1.tgz#c1d7e8f1e5f6cfc9ff65f9cd352d37348756c333"
  integrity sha512-dcKFX3jn0MpIaXjisoRvexIJVEKzaq7z2rZKxf+MSr9TkdmHmsU4m2lcLojrj/FHl8mk5VxMmYA+ftRkP/3oKQ==

diff@^4.0.1:
  version "4.0.2"
  resolved "https://registry.yarnpkg.com/diff/-/diff-4.0.2.tgz#60f3aecb89d5fae520c11aa19efc2bb982aade7d"
  integrity sha512-58lmxKSA4BNyLz+HHMUzlOEpg09FV+ev6ZMe3vJihgdxzgcwZ8VoEEPmALCZG9LmqfVoNMMKpttIYTVG6uDY7A==

make-error@^1.1.1:
  version "1.3.6"
  resolved "https://registry.yarnpkg.com/make-error/-/make-error-1.3.6.tgz#2eb2e37ea9b67c4891f684a1394799af484cf7a2"
  integrity sha512-s8UhlNe7vPKomQhC1qFelMokr/Sc3AgNbso3n74mVPA5LTZwkB9NlXf4XPamLxJE8h0gh73rM94xvwRT2CVInw==

ts-node@^10.9.1:
  version "10.9.1"
  resolved "https://registry.yarnpkg.com/ts-node/-/ts-node-10.9.1.tgz#e73de9102958af9e1f0b168a6ff320e25adcff4b"
  integrity sha512-NtVysVPkxxrwFGUUxGYhfux8k78pQB3JqYBXlLRZgdGUqTO5wU/UyHop5p70iEbGhB7q5KmiZiU0Y3KlJrScEw==
  dependencies:
    "@cspotcode/source-map-support" "^0.8.0"
    "@tsconfig/node10" "^1.0.7"
    "@tsconfig/node12" "^1.0.7"
    "@tsconfig/node14" "^1.0.0"
    "@tsconfig/node16" "^1.0.2"
    acorn "^8.4.1"
    acorn-walk "^8.1.1"
    arg "^4.1.0"
    create-require "^1.1.0"
    diff "^4.0.1"
    make-error "^1.1.1"
    v8-compile-cache-lib "^3.0.1"
    yn "3.1.1"

typescript@^4.7.4:
  version "4.7.4"
  resolved "https://registry.yarnpkg.com/typescript/-/typescript-4.7.4.tgz#1a88596d1cf47d59507a1bcdfb5b9dfe4d488235"
  integrity sha512-C0WQT0gezHuw6AdY1M2jxUO83Rjf0HP7Sk1DtXj6j1EwkQNZrHAg2XPWlq62oqEhYvONq5pkC2Y9oPljWToLmQ==

v8-compile-cache-lib@^3.0.1:
  version "3.0.1"
  resolved "https://registry.yarnpkg.com/v8-compile-cache-lib/-/v8-compile-cache-lib-3.0.1.tgz#6336e8d71965cb3d35a1bbb7868445a7c05264bf"
  integrity sha512-wa7YjyUGfNZngI/vtK0UHAN+lgDCxBPCylVXGp0zu59Fz5aiGtNXaq3DhIov063MorB+VfufLh3JlF2KdTK3xg==

yn@3.1.1:
  version "3.1.1"
  resolved "https://registry.yarnpkg.com/yn/-/yn-3.1.1.tgz#1e87401a09d767c1d5eab26a6e4c185182d2eb50"
  integrity sha512-Ux4ygGWsu2c7isFWe8Yu1YluJmqVhxqK2cLXNQA5AcC3QfbGNpM7fu0Y8b/z16pXLnFxZYvWhd3fhBY9DLmC6Q==
